{
    "_readme": [
        "This file locks the dependencies of your project to a known state",
        "Read more about it at http://getcomposer.org/doc/01-basic-usage.md#composer-lock-the-lock-file",
        "This file is @generated automatically"
    ],
    "hash": "f08d7925e4268dbd4b4904186c2b14c0",
    "packages": [
        {
            "name": "filp/whoops",
            "version": "1.0.9",
            "source": {
                "type": "git",
                "url": "https://github.com/filp/whoops.git",
                "reference": "6de5a6fbb675c091ee4ee40fd01b2e3df4f200af"
            },
            "dist": {
                "type": "zip",
                "url": "https://api.github.com/repos/filp/whoops/zipball/6de5a6fbb675c091ee4ee40fd01b2e3df4f200af",
                "reference": "6de5a6fbb675c091ee4ee40fd01b2e3df4f200af",
                "shasum": ""
            },
            "require": {
                "php": ">=5.3.0"
            },
            "require-dev": {
                "mockery/mockery": "dev-master",
                "silex/silex": "1.0.*@dev"
            },
            "type": "library",
            "autoload": {
                "psr-0": {
                    "Whoops": "src/"
                }
            },
            "notification-url": "https://packagist.org/downloads/",
            "license": [
                "MIT"
            ],
            "authors": [
                {
                    "name": "Filipe Dobreira",
                    "homepage": "https://github.com/filp",
                    "role": "Developer"
                }
            ],
            "description": "php error handling for cool kids",
            "homepage": "https://github.com/filp/whoops",
            "keywords": [
                "error",
                "exception",
                "handling",
                "library",
                "silex-provider",
                "whoops",
                "zf2"
            ],
            "time": "2013-10-28 22:06:33"
        },
        {
            "name": "monolog/monolog",
            "version": "dev-master",
            "source": {
                "type": "git",
                "url": "https://github.com/Seldaek/monolog.git",
                "reference": "6f5b3d2a9c63a857d40d200f1bb9f62991c07bf8"
            },
            "dist": {
                "type": "zip",
                "url": "https://api.github.com/repos/Seldaek/monolog/zipball/6f5b3d2a9c63a857d40d200f1bb9f62991c07bf8",
                "reference": "6f5b3d2a9c63a857d40d200f1bb9f62991c07bf8",
                "shasum": ""
            },
            "require": {
                "php": ">=5.3.0",
                "psr/log": "~1.0"
            },
            "require-dev": {
                "aws/aws-sdk-php": "~2.4.8",
                "doctrine/couchdb": "dev-master",
                "mlehner/gelf-php": "1.0.*",
                "phpunit/phpunit": "~3.7.0",
                "raven/raven": "0.5.*",
                "ruflin/elastica": "0.90.*"
            },
            "suggest": {
                "aws/aws-sdk-php": "Allow sending log messages to AWS services like DynamoDB",
                "doctrine/couchdb": "Allow sending log messages to a CouchDB server",
                "ext-amqp": "Allow sending log messages to an AMQP server (1.0+ required)",
                "ext-mongo": "Allow sending log messages to a MongoDB server",
                "mlehner/gelf-php": "Allow sending log messages to a GrayLog2 server",
                "raven/raven": "Allow sending log messages to a Sentry server",
                "ruflin/elastica": "Allow sending log messages to an Elastic Search server"
            },
            "type": "library",
            "extra": {
                "branch-alias": {
                    "dev-master": "1.7.x-dev"
                }
            },
            "autoload": {
                "psr-0": {
                    "Monolog": "src/"
                }
            },
            "notification-url": "https://packagist.org/downloads/",
            "license": [
                "MIT"
            ],
            "authors": [
                {
                    "name": "Jordi Boggiano",
                    "email": "j.boggiano@seld.be",
                    "homepage": "http://seld.be",
                    "role": "Developer"
                }
            ],
            "description": "Sends your logs to files, sockets, inboxes, databases and various web services",
            "homepage": "http://github.com/Seldaek/monolog",
            "keywords": [
                "log",
                "logging",
                "psr-3"
            ],
            "time": "2013-11-25 13:58:14"
        },
        {
            "name": "psr/log",
            "version": "dev-master",
            "source": {
                "type": "git",
                "url": "https://github.com/php-fig/log.git",
                "reference": "134145e8d08ddcb9bb8f49a2feb9aa1f2393650c"
            },
            "dist": {
                "type": "zip",
                "url": "https://api.github.com/repos/php-fig/log/zipball/134145e8d08ddcb9bb8f49a2feb9aa1f2393650c",
                "reference": "134145e8d08ddcb9bb8f49a2feb9aa1f2393650c",
                "shasum": ""
            },
            "type": "library",
            "extra": {
                "branch-alias": {
                    "dev-master": "1.0.x-dev"
                }
            },
            "autoload": {
                "psr-0": {
                    "Psr\\Log\\": ""
                }
            },
            "notification-url": "https://packagist.org/downloads/",
            "license": [
                "MIT"
            ],
            "authors": [
                {
                    "name": "PHP-FIG",
                    "homepage": "http://www.php-fig.org/"
                }
            ],
            "description": "Common interface for logging libraries",
            "keywords": [
                "log",
                "psr",
                "psr-3"
            ],
            "time": "2013-11-19 10:21:35"
        },
        {
            "name": "symfony/console",
            "version": "dev-master",
            "target-dir": "Symfony/Component/Console",
            "source": {
                "type": "git",
                "url": "https://github.com/symfony/Console.git",
                "reference": "402f7d86b1073498812cfa5466132aa190183575"
            },
            "dist": {
                "type": "zip",
                "url": "https://api.github.com/repos/symfony/Console/zipball/402f7d86b1073498812cfa5466132aa190183575",
                "reference": "402f7d86b1073498812cfa5466132aa190183575",
                "shasum": ""
            },
            "require": {
                "php": ">=5.3.3"
            },
            "require-dev": {
                "psr/log": "~1.0",
                "symfony/event-dispatcher": "~2.1"
            },
            "suggest": {
                "psr/log": "For using the console logger",
                "symfony/event-dispatcher": ""
            },
            "type": "library",
            "extra": {
                "branch-alias": {
                    "dev-master": "2.6-dev"
                }
            },
            "autoload": {
                "psr-0": {
                    "Symfony\\Component\\Console\\": ""
                }
            },
            "notification-url": "https://packagist.org/downloads/",
            "license": [
                "MIT"
            ],
            "authors": [
                {
                    "name": "Fabien Potencier",
                    "email": "fabien@symfony.com",
                    "homepage": "http://fabien.potencier.org",
                    "role": "Lead Developer"
                },
                {
                    "name": "Symfony Community",
                    "homepage": "http://symfony.com/contributors"
                }
            ],
            "description": "Symfony Console Component",
            "homepage": "http://symfony.com",
            "time": "2014-05-23 14:36:49"
        },
        {
            "name": "symfony/property-access",
            "version": "dev-master",
            "target-dir": "Symfony/Component/PropertyAccess",
            "source": {
                "type": "git",
                "url": "https://github.com/symfony/PropertyAccess.git",
                "reference": "b309619483ff7958a9d698b00a0c61ad93c2f16c"
            },
            "dist": {
                "type": "zip",
                "url": "https://api.github.com/repos/symfony/PropertyAccess/zipball/b309619483ff7958a9d698b00a0c61ad93c2f16c",
                "reference": "b309619483ff7958a9d698b00a0c61ad93c2f16c",
                "shasum": ""
            },
            "require": {
                "php": ">=5.3.3"
            },
            "type": "library",
            "extra": {
                "branch-alias": {
                    "dev-master": "2.5-dev"
                }
            },
            "autoload": {
                "psr-0": {
                    "Symfony\\Component\\PropertyAccess\\": ""
                }
            },
            "notification-url": "https://packagist.org/downloads/",
            "license": [
                "MIT"
            ],
            "authors": [
                {
                    "name": "Fabien Potencier",
                    "email": "fabien@symfony.com"
                },
                {
                    "name": "Symfony Community",
                    "homepage": "http://symfony.com/contributors"
                }
            ],
            "description": "Symfony PropertyAccess Component",
            "homepage": "http://symfony.com",
            "keywords": [
                "access",
                "array",
                "extraction",
                "index",
                "injection",
                "object",
                "property",
                "property path",
                "reflection"
            ],
            "time": "2013-11-24 20:17:07"
        },
        {
            "name": "symfony/translation",
            "version": "dev-master",
            "target-dir": "Symfony/Component/Translation",
            "source": {
                "type": "git",
                "url": "https://github.com/symfony/Translation.git",
                "reference": "6401b2a108249e65d0c4bda65f688583e5f87226"
            },
            "dist": {
                "type": "zip",
                "url": "https://api.github.com/repos/symfony/Translation/zipball/6401b2a108249e65d0c4bda65f688583e5f87226",
                "reference": "6401b2a108249e65d0c4bda65f688583e5f87226",
                "shasum": ""
            },
            "require": {
                "php": ">=5.3.3"
            },
            "require-dev": {
                "symfony/config": "~2.0",
                "symfony/yaml": "~2.2"
            },
            "suggest": {
                "symfony/config": "",
                "symfony/yaml": ""
            },
            "type": "library",
            "extra": {
                "branch-alias": {
                    "dev-master": "2.5-dev"
                }
            },
            "autoload": {
                "psr-0": {
                    "Symfony\\Component\\Translation\\": ""
                }
            },
            "notification-url": "https://packagist.org/downloads/",
            "license": [
                "MIT"
            ],
            "authors": [
                {
                    "name": "Fabien Potencier",
                    "email": "fabien@symfony.com"
                },
                {
                    "name": "Symfony Community",
                    "homepage": "http://symfony.com/contributors"
                }
            ],
            "description": "Symfony Translation Component",
            "homepage": "http://symfony.com",
            "time": "2013-11-24 20:17:07"
        },
        {
            "name": "symfony/validator",
            "version": "dev-master",
            "target-dir": "Symfony/Component/Validator",
            "source": {
                "type": "git",
                "url": "https://github.com/symfony/Validator.git",
                "reference": "814dfb85ec4b016b94844a54e7315ee01b4fadc8"
            },
            "dist": {
                "type": "zip",
                "url": "https://api.github.com/repos/symfony/Validator/zipball/814dfb85ec4b016b94844a54e7315ee01b4fadc8",
                "reference": "814dfb85ec4b016b94844a54e7315ee01b4fadc8",
                "shasum": ""
            },
            "require": {
                "php": ">=5.3.3",
                "symfony/property-access": "~2.2",
                "symfony/translation": "~2.0"
            },
            "require-dev": {
                "doctrine/annotations": "~1.0",
                "doctrine/cache": "~1.0",
                "symfony/config": "~2.2",
                "symfony/http-foundation": "~2.1",
                "symfony/intl": "~2.3",
                "symfony/yaml": "~2.0"
            },
            "suggest": {
                "doctrine/annotations": "For using the annotation mapping. You will also need doctrine/cache.",
                "doctrine/cache": "For using the default cached annotation reader",
                "symfony/config": "",
                "symfony/http-foundation": "",
                "symfony/intl": "",
                "symfony/yaml": ""
            },
            "type": "library",
            "extra": {
                "branch-alias": {
                    "dev-master": "2.5-dev"
                }
            },
            "autoload": {
                "psr-0": {
                    "Symfony\\Component\\Validator\\": ""
                }
            },
            "notification-url": "https://packagist.org/downloads/",
            "license": [
                "MIT"
            ],
            "authors": [
                {
                    "name": "Fabien Potencier",
                    "email": "fabien@symfony.com"
                },
                {
                    "name": "Symfony Community",
                    "homepage": "http://symfony.com/contributors"
                }
            ],
            "description": "Symfony Validator Component",
            "homepage": "http://symfony.com",
            "time": "2013-11-24 20:17:07"
        },
        {
            "name": "tedivm/stash",
            "version": "v0.11.1",
            "source": {
                "type": "git",
                "url": "https://github.com/tedivm/Stash.git",
                "reference": "e3e5b5be48227823b32f7fef75e5e92dd7590615"
            },
            "dist": {
                "type": "zip",
                "url": "https://api.github.com/repos/tedivm/Stash/zipball/e3e5b5be48227823b32f7fef75e5e92dd7590615",
                "reference": "e3e5b5be48227823b32f7fef75e5e92dd7590615",
                "shasum": ""
            },
            "require": {
                "php": ">=5.3.0"
            },
            "type": "library",
            "autoload": {
                "psr-0": {
                    "Stash": "src/"
                }
            },
            "notification-url": "https://packagist.org/downloads/",
            "license": [
                "BSD-3-Clause"
            ],
            "authors": [
                {
                    "name": "Robert Hafner",
                    "email": "tedivm@tedivm.com"
                },
                {
                    "name": "Josh Hall-Bachner",
                    "email": "charlequin@gmail.com"
                }
            ],
            "description": "The place to keep your cache.",
            "homepage": "http://github.com/tedivm/Stash",
            "keywords": [
                "apc",
                "cache",
                "caching",
                "memcached",
                "redis",
                "sessions"
            ],
            "time": "2013-11-18 07:19:58"
        },
        {
            "name": "theodordiaconu/geshi",
            "version": "dev-master",
            "source": {
                "type": "git",
                "url": "https://github.com/theodorDiaconu/geshi.git",
                "reference": "c2a5294496b34d7561db5c0641b7f960d930f6b1"
            },
            "dist": {
                "type": "zip",
                "url": "https://api.github.com/repos/theodorDiaconu/geshi/zipball/c2a5294496b34d7561db5c0641b7f960d930f6b1",
                "reference": "c2a5294496b34d7561db5c0641b7f960d930f6b1",
                "shasum": ""
            },
            "require": {
                "php": ">=5.3.0"
            },
            "type": "library",
            "autoload": {
                "psr-0": {
                    "GeSHi": "src/"
                }
            },
            "notification-url": "https://packagist.org/downloads/",
            "license": [
                "MIT"
            ],
            "description": "Geshi library",
            "homepage": "http://qbnz.com/highlighter/",
            "keywords": [
                "Symfony2",
                "geshi",
                "highlighter"
            ],
            "time": "2013-03-19 00:39:21"
        },
        {
            "name": "twig/twig",
            "version": "dev-master",
            "source": {
                "type": "git",
                "url": "https://github.com/fabpot/Twig.git",
                "reference": "cab9fd9a100e74aafa201a03ca31aeeb4097c9bc"
            },
            "dist": {
                "type": "zip",
                "url": "https://api.github.com/repos/fabpot/Twig/zipball/cab9fd9a100e74aafa201a03ca31aeeb4097c9bc",
                "reference": "cab9fd9a100e74aafa201a03ca31aeeb4097c9bc",
                "shasum": ""
            },
            "require": {
                "php": ">=5.2.4"
            },
            "type": "library",
            "extra": {
                "branch-alias": {
                    "dev-master": "1.15-dev"
                }
            },
            "autoload": {
                "psr-0": {
                    "Twig_": "lib/"
                }
            },
            "notification-url": "https://packagist.org/downloads/",
            "license": [
                "BSD-3-Clause"
            ],
            "authors": [
                {
                    "name": "Fabien Potencier",
                    "email": "fabien@symfony.com"
                },
                {
                    "name": "Armin Ronacher",
                    "email": "armin.ronacher@active-4.com"
                }
            ],
            "description": "Twig, the flexible, fast, and secure template language for PHP",
            "homepage": "http://twig.sensiolabs.org",
            "keywords": [
                "templating"
            ],
            "time": "2013-11-24 18:36:20"
        },
        {
            "name": "xmod/asset",
            "version": "dev-master",
            "source": {
                "type": "git",
                "url": "git@git.panmedia.co.nz:siteignite/modules/xmod-asset",
                "reference": "d46da0db5078bda6776b2eb2cb718588d749cf95"
            },
            "type": "library",
            "autoload": {
                "psr-0": {
                    "XMod\\Asset": "classes/"
                },
                "files": [
                    "include.php"
                ]
            },
            "authors": [
                {
                    "name": "David Neilsen",
                    "email": "david@panmedia.co.nz"
                }
            ],
            "description": "Mammoth asset module.",
            "homepage": "http://www.mammoth-framework.com/modules/asset",
            "keywords": [
                "assets"
            ],
            "time": "2014-09-08 03:30:29"
        },
        {
            "name": "xmod/common",
            "version": "dev-master",
            "source": {
                "type": "git",
                "url": "git@git.panmedia.co.nz:siteignite/modules/xmod",
                "reference": "a02a3120563d5c9477ec9070ddc1ca74e161bce1"
            },
            "require": {
                "twig/twig": "~1.12"
            },
            "bin": [
                "bin/xr"
            ],
            "type": "library",
            "autoload": {
                "psr-0": {
                    "XMod\\Common": "classes/"
                },
                "files": [
                    "include.php",
                    "functions.php"
                ]
            },
            "authors": [
                {
                    "name": "David Neilsen",
                    "email": "david@panmedia.co.nz"
                },
                {
                    "name": "Michael Robinson",
                    "email": "michael@panmedia.co.nz"
                }
            ],
            "description": "Mammoth common module.",
            "homepage": "http://www.mammoth-framework.com/modules/common",
            "keywords": [
                "common",
                "helper",
                "tool"
            ],
            "time": "2013-11-15 04:22:48"
        },
        {
            "name": "xmod/debug",
            "version": "dev-master",
            "source": {
                "type": "git",
                "url": "git@git.panmedia.co.nz:siteignite/modules/xmod-debug",
                "reference": "9ed43146bf1ba154d86c5d04c645450c3a2f503a"
            },
            "require": {
                "theodordiaconu/geshi": "dev-master",
                "xmod/log": "dev-master"
            },
            "suggest": {
                "raveren/kint": "Kint style var dump.",
                "sunra/dbug": "ColdFusion style var dump."
            },
            "type": "library",
            "autoload": {
                "psr-0": {
                    "XMod": "classes/"
                },
                "files": [
                    "include.php"
                ]
            },
            "authors": [
                {
                    "name": "David Neilsen",
                    "email": "david@panmedia.co.nz"
                },
                {
                    "name": "Michael Robinson",
                    "email": "michael@panmedia.co.nz"
                }
            ],
            "description": "Mammoth debugging module.",
            "homepage": "http://www.mammoth-framework.com/modules/debug",
            "keywords": [
                "debug",
                "error",
                "exception",
                "handling"
            ],
            "time": "2013-11-26 03:48:12"
        },
        {
            "name": "xmod/error",
            "version": "dev-master",
            "source": {
                "type": "git",
                "url": "git@git.panmedia.co.nz:siteignite/modules/xmod-error",
                "reference": "d9c11911b697903f2792ed3fe2bf57e81afd7549"
            },
            "require": {
                "php": ">=5.4.0",
                "xmod/debug": "dev-master"
            },
            "require-dev": {
                "phing/phing": ">=2.4.12",
                "phpunit/phpunit": ">=3.7.0"
            },
            "type": "library",
            "autoload": {
                "psr-0": {
                    "XMod": "classes/"
                },
                "files": [
                    "include.php"
                ]
            },
            "authors": [
                {
                    "name": "David Neilsen",
                    "email": "david@panmedia.co.nz"
                },
                {
                    "name": "Michael Robinson",
                    "email": "michael@panmedia.co.nz"
                }
            ],
            "description": "Mammoth error handling module.",
            "homepage": "http://www.mammoth-framework.com/modules/error",
            "keywords": [
                "database",
                "db"
            ],
            "time": "2013-11-14 04:29:48"
        },
        {
            "name": "xmod/form",
            "version": "dev-master",
            "source": {
                "type": "git",
                "url": "git@git.panmedia.co.nz:siteignite/modules/xmod-form",
                "reference": "01c079a03c13534475a10bc6f918812a7df983d9"
            },
            "require": {
                "symfony/validator": "~2",
                "xmod/asset": "dev-master",
                "xmod/common": "dev-master",
                "xmod/html": "dev-master",
                "xmod/module": "dev-master"
            },
            "type": "library",
            "autoload": {
                "psr-0": {
                    "XMod": "classes/"
                },
                "files": [
                    "include.php"
                ]
            },
            "authors": [
                {
                    "name": "David Neilsen",
                    "email": "david@panmedia.co.nz"
                },
                {
                    "name": "Michael Robinson",
                    "email": "michael@panmedia.co.nz"
                }
            ],
            "description": "Mammoth form module.",
            "homepage": "http://www.mammoth-framework.com/modules/form",
            "keywords": [
                "form"
            ],
            "time": "2014-09-08 00:12:32"
        },
        {
            "name": "xmod/html",
            "version": "dev-master",
            "source": {
                "type": "git",
                "url": "git@git.panmedia.co.nz:siteignite/modules/xmod-html",
                "reference": "f71bd8ad69386444b74afeaf20b096a9fa7890ed"
            },
            "type": "library",
            "autoload": {
                "psr-0": {
                    "XMod": "classes/"
                }
            },
            "authors": [
                {
                    "name": "David Neilsen",
                    "email": "david@panmedia.co.nz"
                },
                {
                    "name": "Michael Robinson",
                    "email": "michael@panmedia.co.nz"
                }
            ],
            "description": "Mammoth html module.",
            "homepage": "http://www.mammoth-framework.com/modules/html",
            "keywords": [
                "html"
            ],
            "time": "2014-07-04 03:49:31"
        },
        {
            "name": "xmod/http",
            "version": "dev-master",
            "source": {
                "type": "git",
                "url": "git@git.panmedia.co.nz:siteignite/modules/xmod-http",
                "reference": "393cb5839954f80660b7b0b630899f43939b3f7e"
            },
            "require": {
                "xmod/common": "dev-master"
            },
            "type": "library",
            "autoload": {
                "psr-0": {
                    "XMod": "classes/"
                },
                "files": [
                    "include.php"
                ]
            },
            "authors": [
                {
                    "name": "David Neilsen",
                    "email": "david@panmedia.co.nz"
                },
                {
                    "name": "Michael Robinson",
                    "email": "michael@panmedia.co.nz"
                }
            ],
            "description": "Mammoth HTTP module.",
            "homepage": "http://www.mammoth-framework.com/modules/http",
            "keywords": [
                "http"
            ],
            "time": "2014-09-04 23:21:51"
        },
        {
            "name": "xmod/log",
            "version": "dev-master",
            "source": {
                "type": "git",
                "url": "git@git.panmedia.co.nz:siteignite/modules/xmod-log",
                "reference": "fcb62ea28fe330602685abb36bbf61ec812638d6"
            },
            "require": {
                "monolog/monolog": "~1.6",
                "xmod/common": "dev-master"
            },
            "type": "library",
            "autoload": {
                "psr-0": {
                    "XMod": "classes/"
                },
                "files": [
                    "include.php"
                ]
            },
            "authors": [
                {
                    "name": "David Neilsen",
                    "email": "david@panmedia.co.nz"
                }
            ],
            "description": "Mammoth log module.",
            "homepage": "http://www.mammoth-framework.com/modules/log",
            "keywords": [
                "log"
            ],
            "time": "2013-11-20 23:01:57"
        },
        {
            "name": "xmod/module",
            "version": "dev-master",
            "source": {
                "type": "git",
                "url": "git@git.panmedia.co.nz:siteignite/modules/xmod-module",
                "reference": "79d7bb8e6f7b6f1db3e7063f165e411a94d86fcb"
            },
            "require": {
                "xmod/common": "dev-master",
                "xmod/render": "dev-master",
                "xmod/route": "dev-master"
            },
            "type": "library",
            "autoload": {
                "psr-0": {
                    "XMod": "classes/"
                },
                "files": [
                    "include.php"
                ]
            },
            "authors": [
                {
                    "name": "David Neilsen",
                    "email": "david@panmedia.co.nz"
                },
                {
                    "name": "Michael Robinson",
                    "email": "michael@panmedia.co.nz"
                }
            ],
            "description": "Mammoth module.",
            "homepage": "http://www.mammoth-framework.com/modules/module",
            "keywords": [
                "module"
            ],
            "time": "2014-09-11 01:52:30"
        },
        {
            "name": "xmod/registry",
            "version": "dev-master",
            "source": {
                "type": "git",
                "url": "git@git.panmedia.co.nz:siteignite/modules/xmod-registry",
                "reference": "895361235b4cf5cc4e8bc33204ea82e9925fdb8c"
            },
            "type": "library",
            "autoload": {
                "psr-0": {
                    "XMod\\Registry": "classes/"
                },
                "files": [
                    "include.php"
                ]
            },
            "authors": [
                {
                    "name": "David Neilsen",
                    "email": "david@panmedia.co.nz"
                }
            ],
            "description": "Mammoth registry module.",
            "homepage": "http://www.mammoth-framework.com/modules/registry",
            "keywords": [
                "plugin"
            ],
            "time": "2014-09-09 02:28:43"
        },
        {
            "name": "xmod/render",
            "version": "dev-master",
            "source": {
                "type": "git",
                "url": "git@git.panmedia.co.nz:siteignite/modules/xmod-render",
                "reference": "27151ac4cf17980bda2e0ebeedf358580f7564ed"
            },
            "type": "library",
            "autoload": {
                "psr-0": {
                    "XMod": "classes/"
                },
                "files": [
                    "include.php"
                ]
            },
            "authors": [
                {
                    "name": "David Neilsen",
                    "email": "david@panmedia.co.nz"
                },
                {
                    "name": "Michael Robinson",
                    "email": "michael@panmedia.co.nz"
                }
            ],
            "description": "Mammoth render module.",
            "homepage": "http://www.mammoth-framework.com/modules/render",
            "keywords": [
                "render"
            ],
            "time": "2014-01-06 21:12:33"
        },
        {
            "name": "xmod/route",
            "version": "dev-master",
            "source": {
                "type": "git",
                "url": "git@git.panmedia.co.nz:siteignite/modules/xmod-route",
                "reference": "cacf9c6d57fba8a521c7d0bc6872b27c836c1644"
            },
            "require": {
                "xmod/http": "dev-master",
                "xmod/registry": "dev-master"
            },
            "type": "library",
            "autoload": {
                "psr-0": {
                    "XMod": "classes/"
                },
                "files": [
                    "include.php"
                ]
            },
            "authors": [
                {
                    "name": "David Neilsen",
                    "email": "david@panmedia.co.nz"
                }
            ],
            "description": "Mammoth route module.",
            "homepage": "http://www.mammoth-framework.com/modules/route",
            "keywords": [
                "route"
            ],
            "time": "2014-09-08 00:18:32"
        }
    ],
    "packages-dev": [],
    "aliases": [],
    "minimum-stability": "dev",
    "stability-flags": {
        "xmod/error": 20,
        "xmod/debug": 20,
        "xmod/form": 20
    },
    "platform": [],
    "platform-dev": []
}
